
Microsoft Visual Studio Solution File, Format Version 12.00
# Visual Studio Version 16
VisualStudioVersion = 16.0.31229.75
MinimumVisualStudioVersion = 10.0.40219.1
Project("{888888A0-9F3D-457C-B088-3A5042F75D52}") = "SimpleCalendar", "SimpleCalendar.pyproj", "{02F09CDF-040B-45F5-8EFC-1F89BD458DBE}"
EndProject
Global
	GlobalSection(SolutionConfigurationPlatforms) = preSolution
		Debug|Any CPU = Debug|Any CPU
		Release|Any CPU = Release|Any CPU
	EndGlobalSection
	GlobalSection(ProjectConfigurationPlatforms) = postSolution
		{02F09CDF-040B-45F5-8EFC-1F89BD458DBE}.Debug|Any CPU.ActiveCfg = Debug|Any CPU
		{02F09CDF-040B-45F5-8EFC-1F89BD458DBE}.Release|Any CPU.ActiveCfg = Release|Any CPU
	EndGlobalSection
	GlobalSection(SolutionProperties) = preSolution
		HideSolutionNode = FALSE
	EndGlobalSection
	GlobalSection(ExtensibilityGlobals) = postSolution
		SolutionGuid = {FB810F96-8ECA-449C-8E70-AF04FDA773AC}
	EndGlobalSection
EndGlobal
